
Microsoft Visual Studio Solution File, Format Version 12.00
# Visual Studio Version 17
VisualStudioVersion = 17.5.33502.453
MinimumVisualStudioVersion = 10.0.40219.1
Project("{9A19103F-16F7-4668-BE54-9A1E7A4F7556}") = "MeTubApi.DataAccess", "DataAccess\MeTubApi.DataAccess.csproj", "{8C0C5737-C8A9-449E-BFE4-26B2717A90AC}"
EndProject
Project("{9A19103F-16F7-4668-BE54-9A1E7A4F7556}") = "MeTubApi.Apllication", "MeTubApi\MeTubApi.Apllication.csproj", "{E2409689-315A-46F9-8CFA-422D4EB9C34E}"
EndProject
Project("{9A19103F-16F7-4668-BE54-9A1E7A4F7556}") = "MeTubApi.Models", "MeTubApi.Models\MeTubApi.Models.csproj", "{6F0E50BC-A2AF-4204-95EC-5CDB30B01C07}"
EndProject
Global
	GlobalSection(SolutionConfigurationPlatforms) = preSolution
		Debug|Any CPU = Debug|Any CPU
		Release|Any CPU = Release|Any CPU
	EndGlobalSection
	GlobalSection(ProjectConfigurationPlatforms) = postSolution
		{8C0C5737-C8A9-449E-BFE4-26B2717A90AC}.Debug|Any CPU.ActiveCfg = Debug|Any CPU
		{8C0C5737-C8A9-449E-BFE4-26B2717A90AC}.Debug|Any CPU.Build.0 = Debug|Any CPU
		{8C0C5737-C8A9-449E-BFE4-26B2717A90AC}.Release|Any CPU.ActiveCfg = Release|Any CPU
		{8C0C5737-C8A9-449E-BFE4-26B2717A90AC}.Release|Any CPU.Build.0 = Release|Any CPU
		{E2409689-315A-46F9-8CFA-422D4EB9C34E}.Debug|Any CPU.ActiveCfg = Debug|Any CPU
		{E2409689-315A-46F9-8CFA-422D4EB9C34E}.Debug|Any CPU.Build.0 = Debug|Any CPU
		{E2409689-315A-46F9-8CFA-422D4EB9C34E}.Release|Any CPU.ActiveCfg = Release|Any CPU
		{E2409689-315A-46F9-8CFA-422D4EB9C34E}.Release|Any CPU.Build.0 = Release|Any CPU
		{6F0E50BC-A2AF-4204-95EC-5CDB30B01C07}.Debug|Any CPU.ActiveCfg = Debug|Any CPU
		{6F0E50BC-A2AF-4204-95EC-5CDB30B01C07}.Debug|Any CPU.Build.0 = Debug|Any CPU
		{6F0E50BC-A2AF-4204-95EC-5CDB30B01C07}.Release|Any CPU.ActiveCfg = Release|Any CPU
		{6F0E50BC-A2AF-4204-95EC-5CDB30B01C07}.Release|Any CPU.Build.0 = Release|Any CPU
	EndGlobalSection
	GlobalSection(SolutionProperties) = preSolution
		HideSolutionNode = FALSE
	EndGlobalSection
	GlobalSection(ExtensibilityGlobals) = postSolution
		SolutionGuid = {207586E2-3290-4287-BD52-C3640C67E18D}
	EndGlobalSection
EndGlobal
